// !$*UTF8*$!
{
	archiveVersion = 1;
	classes = {
	};
	objectVersion = 54;
	objects = {

/* Begin PBXBuildFile section */
		00E356F31AD99517003FC87E /* DeckStatsTCGTests.m in Sources */ = {isa = PBXBuildFile; fileRef = 00E356F21AD99517003FC87E /* DeckStatsTCGTests.m */; };
		02318611A4704B859D347591 /* Halcom-BlackItalic.otf in Resources */ = {isa = PBXBuildFile; fileRef = 664BB16939274E66813A6F50 /* Halcom-BlackItalic.otf */; };
		0655A12B9655471D96CFDEE8 /* bootsplash_logo_3x.png in Resources */ = {isa = PBXBuildFile; fileRef = F7B36423B2964CE8ACF48999 /* bootsplash_logo_3x.png */; };
		0EA6B0CE0AF848C085370F10 /* triangle_top_left_icon.svg in Resources */ = {isa = PBXBuildFile; fileRef = D1E377756D944EAFB9EFA06D /* triangle_top_left_icon.svg */; };
		13B07FBC1A68108700A75B9A /* AppDelegate.mm in Sources */ = {isa = PBXBuildFile; fileRef = 13B07FB01A68108700A75B9A /* AppDelegate.mm */; };
		13B07FBF1A68108700A75B9A /* Images.xcassets in Resources */ = {isa = PBXBuildFile; fileRef = 13B07FB51A68108700A75B9A /* Images.xcassets */; };
		13B07FC11A68108700A75B9A /* main.m in Sources */ = {isa = PBXBuildFile; fileRef = 13B07FB71A68108700A75B9A /* main.m */; };
		17ECFB7E4C9226DEA3208202 /* Pods_DeckStatsTCG_DeckStatsTCGTests.framework in Frameworks */ = {isa = PBXBuildFile; fileRef = 563045FD2A2BCC995A02F85D /* Pods_DeckStatsTCG_DeckStatsTCGTests.framework */; };
		17F7A41912A740C69B8044E7 /* Halcom-Thin.otf in Resources */ = {isa = PBXBuildFile; fileRef = 9D7AA1EC0CCB4A418433C20E /* Halcom-Thin.otf */; };
		1E991F2951CE46C79F6507B7 /* Halcom-Black.otf in Resources */ = {isa = PBXBuildFile; fileRef = 6B7BCC71DAF64FD2826959BE /* Halcom-Black.otf */; };
		20CF83ABEC2442C0B29E36FD /* Halcom-Medium.otf in Resources */ = {isa = PBXBuildFile; fileRef = 163F3E9B92664480B4137A81 /* Halcom-Medium.otf */; };
		230A444D49E141F080D1293E /* substitute.png in Resources */ = {isa = PBXBuildFile; fileRef = DF8D18D2E8C4494FADDB9C15 /* substitute.png */; };
		256483022A3143D9970F58C8 /* bootsplash_logo_1,5x.png in Resources */ = {isa = PBXBuildFile; fileRef = 102479D0844A4FB9B846DB28 /* bootsplash_logo_1,5x.png */; };
		26AA2D17750C41C89792C8AC /* Halcom-BookItalic.otf in Resources */ = {isa = PBXBuildFile; fileRef = E4EE378479B1460A94A4934F /* Halcom-BookItalic.otf */; };
		30A2359A2C374AEAA3F78462 /* Halcom-Light.otf in Resources */ = {isa = PBXBuildFile; fileRef = AB9DAC2ED5EB4332BF5E6930 /* Halcom-Light.otf */; };
		3563F96EA5164BD59A73555E /* Halcom-ExtraBoldItalic.otf in Resources */ = {isa = PBXBuildFile; fileRef = 7A7C9D7BBD884E30A4DEAE1A /* Halcom-ExtraBoldItalic.otf */; };
		3DA9406D862E4E1DBBD8B122 /* pokemon_dp.otf in Resources */ = {isa = PBXBuildFile; fileRef = E7AC36586367477BBA4C8F91 /* pokemon_dp.otf */; };
		44FE65F62DA940E8BE3F8715 /* Halcom-MediumItalic.otf in Resources */ = {isa = PBXBuildFile; fileRef = B0E14AB487DE442E805899BF /* Halcom-MediumItalic.otf */; };
		453D5C0188FB491A9A93C96B /* Halcom-Italic.otf in Resources */ = {isa = PBXBuildFile; fileRef = 334EC7CC339E408C9EB73501 /* Halcom-Italic.otf */; };
		4F968A6FBF9A4A7DA3BE17CD /* logo_light_no_bg_500.png in Resources */ = {isa = PBXBuildFile; fileRef = 4CBA7721FCB94F33BBE6F24F /* logo_light_no_bg_500.png */; };
		66246C6723D84F25A26355D0 /* bootsplash_logo_2x.png in Resources */ = {isa = PBXBuildFile; fileRef = 990C63F554C24334A266CCA1 /* bootsplash_logo_2x.png */; };
		6674EF666F784213982B8CE1 /* bootsplash_logo_4x.png in Resources */ = {isa = PBXBuildFile; fileRef = D7BAB57814294E8EB15F43C5 /* bootsplash_logo_4x.png */; };
		6EE320CB07DB43FEBDB6D357 /* Halcom-BoldItalic.otf in Resources */ = {isa = PBXBuildFile; fileRef = 82876B1A42364D22BE45AB72 /* Halcom-BoldItalic.otf */; };
		7D97013076104F8F8CAD31BC /* Halcom-Bold.otf in Resources */ = {isa = PBXBuildFile; fileRef = 59901895B86A4DFD83EE3D38 /* Halcom-Bold.otf */; };
		81AB9BB82411601600AC10FF /* LaunchScreen.storyboard in Resources */ = {isa = PBXBuildFile; fileRef = 81AB9BB72411601600AC10FF /* LaunchScreen.storyboard */; };
		8525DDE99AC74036A4E2C356 /* pokeball_bit.png in Resources */ = {isa = PBXBuildFile; fileRef = 06577A8AAA3B4ADB9CED0122 /* pokeball_bit.png */; };
		897FB141C75E4343B0B575BF /* logo_dark_with_text_500.png in Resources */ = {isa = PBXBuildFile; fileRef = 9558D5BE6B6F4D6994C0F708 /* logo_dark_with_text_500.png */; };
		8C6081D80E2344438B8891A9 /* dots.png in Resources */ = {isa = PBXBuildFile; fileRef = 1991682AF24443DBBE4C0D24 /* dots.png */; };
		9C95F8FA77F84159ACF42DB9 /* bootsplash_logo.png in Resources */ = {isa = PBXBuildFile; fileRef = 0D8A0023A74140D0BC35CFFF /* bootsplash_logo.png */; };
		9FD76511911E4E5AA5E07CA7 /* BungeeInline-Regular.ttf in Resources */ = {isa = PBXBuildFile; fileRef = 7487A37E92E5424683E8D74A /* BungeeInline-Regular.ttf */; };
		A59807C832E74018A3E576E7 /* button_blue.png in Resources */ = {isa = PBXBuildFile; fileRef = D985B758034842E4887AB8B9 /* button_blue.png */; };
		A87CEE41EBF240F19452B33F /* screw.png in Resources */ = {isa = PBXBuildFile; fileRef = 2E04A17F957E4E3CA2F6D25F /* screw.png */; };
		B24A78BE6AA94AA4A8BDFBFD /* Halcom-Regular.otf in Resources */ = {isa = PBXBuildFile; fileRef = 37095120181146FD9914DDA3 /* Halcom-Regular.otf */; };
		C7631DFEA32546A09AAA465A /* Halcom-ThinItalic.otf in Resources */ = {isa = PBXBuildFile; fileRef = 48FD368426884347B3D64952 /* Halcom-ThinItalic.otf */; };
		D882A4811DBD4E14B89035E8 /* Halcom-LightItalic.otf in Resources */ = {isa = PBXBuildFile; fileRef = EC6A7B79838044BAA694B2AF /* Halcom-LightItalic.otf */; };
		DA120F15CE01417CB11526FC /* Halcom-ExtraBold.otf in Resources */ = {isa = PBXBuildFile; fileRef = E8C1402E65AD4E32864D211C /* Halcom-ExtraBold.otf */; };
		EEE39C582BB1916100BEFCB9 /* GoogleService-Info.plist in Resources */ = {isa = PBXBuildFile; fileRef = EEE39C572BB1916100BEFCB9 /* GoogleService-Info.plist */; };
		F2A980B4B29E0B42153CB0AF /* Pods_DeckStatsTCG.framework in Frameworks */ = {isa = PBXBuildFile; fileRef = C25A954D3A34386608D1DD98 /* Pods_DeckStatsTCG.framework */; };
		F80C4045427D4B4488B94D7B /* Halcom-Book.otf in Resources */ = {isa = PBXBuildFile; fileRef = AEBDB8A096E84AA2B6A5B6F3 /* Halcom-Book.otf */; };
		FC0D60792BBF4BC6B078E41C /* bootsplash_manifest.json in Resources */ = {isa = PBXBuildFile; fileRef = 5E35963B0B2C4B248D03D9D0 /* bootsplash_manifest.json */; };
		F352F5FEA15C498393D8606E /* coin_icon.png in Resources */ = {isa = PBXBuildFile; fileRef = 282683D1CA6244789CF33539 /* coin_icon.png */; };
/* End PBXBuildFile section */

/* Begin PBXContainerItemProxy section */
		00E356F41AD99517003FC87E /* PBXContainerItemProxy */ = {
			isa = PBXContainerItemProxy;
			containerPortal = 83CBB9F71A601CBA00E9B192 /* Project object */;
			proxyType = 1;
			remoteGlobalIDString = 13B07F861A680F5B00A75B9A;
			remoteInfo = DeckStatsTCG;
		};
/* End PBXContainerItemProxy section */

/* Begin PBXFileReference section */
		00E356EE1AD99517003FC87E /* DeckStatsTCGTests.xctest */ = {isa = PBXFileReference; explicitFileType = wrapper.cfbundle; includeInIndex = 0; path = DeckStatsTCGTests.xctest; sourceTree = BUILT_PRODUCTS_DIR; };
		00E356F11AD99517003FC87E /* Info.plist */ = {isa = PBXFileReference; lastKnownFileType = text.plist.xml; path = Info.plist; sourceTree = "<group>"; };
		00E356F21AD99517003FC87E /* DeckStatsTCGTests.m */ = {isa = PBXFileReference; lastKnownFileType = sourcecode.c.objc; path = DeckStatsTCGTests.m; sourceTree = "<group>"; };
		06577A8AAA3B4ADB9CED0122 /* pokeball_bit.png */ = {isa = PBXFileReference; explicitFileType = undefined; fileEncoding = 9; includeInIndex = 0; lastKnownFileType = unknown; name = pokeball_bit.png; path = ../src/assets/images/pokeball_bit.png; sourceTree = "<group>"; };
		0D8A0023A74140D0BC35CFFF /* bootsplash_logo.png */ = {isa = PBXFileReference; explicitFileType = undefined; fileEncoding = 9; includeInIndex = 0; lastKnownFileType = unknown; name = bootsplash_logo.png; path = ../src/assets/bootsplash_logo.png; sourceTree = "<group>"; };
		102479D0844A4FB9B846DB28 /* bootsplash_logo_1,5x.png */ = {isa = PBXFileReference; explicitFileType = undefined; fileEncoding = 9; includeInIndex = 0; lastKnownFileType = unknown; name = "bootsplash_logo_1,5x.png"; path = "../src/assets/bootsplash_logo_1,5x.png"; sourceTree = "<group>"; };
		13B07F961A680F5B00A75B9A /* DeckStatsTCG.app */ = {isa = PBXFileReference; explicitFileType = wrapper.application; includeInIndex = 0; path = DeckStatsTCG.app; sourceTree = BUILT_PRODUCTS_DIR; };
		13B07FAF1A68108700A75B9A /* AppDelegate.h */ = {isa = PBXFileReference; fileEncoding = 4; lastKnownFileType = sourcecode.c.h; name = AppDelegate.h; path = DeckStatsTCG/AppDelegate.h; sourceTree = "<group>"; };
		13B07FB01A68108700A75B9A /* AppDelegate.mm */ = {isa = PBXFileReference; fileEncoding = 4; lastKnownFileType = sourcecode.cpp.objcpp; name = AppDelegate.mm; path = DeckStatsTCG/AppDelegate.mm; sourceTree = "<group>"; };
		13B07FB51A68108700A75B9A /* Images.xcassets */ = {isa = PBXFileReference; lastKnownFileType = folder.assetcatalog; name = Images.xcassets; path = DeckStatsTCG/Images.xcassets; sourceTree = "<group>"; };
		13B07FB61A68108700A75B9A /* Info.plist */ = {isa = PBXFileReference; fileEncoding = 4; lastKnownFileType = text.plist.xml; name = Info.plist; path = DeckStatsTCG/Info.plist; sourceTree = "<group>"; };
		13B07FB71A68108700A75B9A /* main.m */ = {isa = PBXFileReference; fileEncoding = 4; lastKnownFileType = sourcecode.c.objc; name = main.m; path = DeckStatsTCG/main.m; sourceTree = "<group>"; };
		163F3E9B92664480B4137A81 /* Halcom-Medium.otf */ = {isa = PBXFileReference; explicitFileType = undefined; fileEncoding = 9; includeInIndex = 0; lastKnownFileType = unknown; name = "Halcom-Medium.otf"; path = "../src/assets/fonts/Halcom-Medium.otf"; sourceTree = "<group>"; };
		1991682AF24443DBBE4C0D24 /* dots.png */ = {isa = PBXFileReference; explicitFileType = undefined; fileEncoding = 9; includeInIndex = 0; lastKnownFileType = unknown; name = dots.png; path = ../src/assets/images/dots.png; sourceTree = "<group>"; };
		2E04A17F957E4E3CA2F6D25F /* screw.png */ = {isa = PBXFileReference; explicitFileType = undefined; fileEncoding = 9; includeInIndex = 0; lastKnownFileType = unknown; name = screw.png; path = ../src/assets/images/screw.png; sourceTree = "<group>"; };
		334EC7CC339E408C9EB73501 /* Halcom-Italic.otf */ = {isa = PBXFileReference; explicitFileType = undefined; fileEncoding = 9; includeInIndex = 0; lastKnownFileType = unknown; name = "Halcom-Italic.otf"; path = "../src/assets/fonts/Halcom-Italic.otf"; sourceTree = "<group>"; };
		37095120181146FD9914DDA3 /* Halcom-Regular.otf */ = {isa = PBXFileReference; explicitFileType = undefined; fileEncoding = 9; includeInIndex = 0; lastKnownFileType = unknown; name = "Halcom-Regular.otf"; path = "../src/assets/fonts/Halcom-Regular.otf"; sourceTree = "<group>"; };
		3F5BFFF00193C9AFC4983958 /* Pods-DeckStatsTCG.release.xcconfig */ = {isa = PBXFileReference; includeInIndex = 1; lastKnownFileType = text.xcconfig; name = "Pods-DeckStatsTCG.release.xcconfig"; path = "Target Support Files/Pods-DeckStatsTCG/Pods-DeckStatsTCG.release.xcconfig"; sourceTree = "<group>"; };
		48FD368426884347B3D64952 /* Halcom-ThinItalic.otf */ = {isa = PBXFileReference; explicitFileType = undefined; fileEncoding = 9; includeInIndex = 0; lastKnownFileType = unknown; name = "Halcom-ThinItalic.otf"; path = "../src/assets/fonts/Halcom-ThinItalic.otf"; sourceTree = "<group>"; };
		4CBA7721FCB94F33BBE6F24F /* logo_light_no_bg_500.png */ = {isa = PBXFileReference; explicitFileType = undefined; fileEncoding = 9; includeInIndex = 0; lastKnownFileType = unknown; name = logo_light_no_bg_500.png; path = ../src/assets/images/logo_light_no_bg_500.png; sourceTree = "<group>"; };
		563045FD2A2BCC995A02F85D /* Pods_DeckStatsTCG_DeckStatsTCGTests.framework */ = {isa = PBXFileReference; explicitFileType = wrapper.framework; includeInIndex = 0; path = Pods_DeckStatsTCG_DeckStatsTCGTests.framework; sourceTree = BUILT_PRODUCTS_DIR; };
		59901895B86A4DFD83EE3D38 /* Halcom-Bold.otf */ = {isa = PBXFileReference; explicitFileType = undefined; fileEncoding = 9; includeInIndex = 0; lastKnownFileType = unknown; name = "Halcom-Bold.otf"; path = "../src/assets/fonts/Halcom-Bold.otf"; sourceTree = "<group>"; };
		5E35963B0B2C4B248D03D9D0 /* bootsplash_manifest.json */ = {isa = PBXFileReference; explicitFileType = undefined; fileEncoding = 9; includeInIndex = 0; lastKnownFileType = unknown; name = bootsplash_manifest.json; path = ../src/assets/bootsplash_manifest.json; sourceTree = "<group>"; };
		664BB16939274E66813A6F50 /* Halcom-BlackItalic.otf */ = {isa = PBXFileReference; explicitFileType = undefined; fileEncoding = 9; includeInIndex = 0; lastKnownFileType = unknown; name = "Halcom-BlackItalic.otf"; path = "../src/assets/fonts/Halcom-BlackItalic.otf"; sourceTree = "<group>"; };
		6B7BCC71DAF64FD2826959BE /* Halcom-Black.otf */ = {isa = PBXFileReference; explicitFileType = undefined; fileEncoding = 9; includeInIndex = 0; lastKnownFileType = unknown; name = "Halcom-Black.otf"; path = "../src/assets/fonts/Halcom-Black.otf"; sourceTree = "<group>"; };
		7487A37E92E5424683E8D74A /* BungeeInline-Regular.ttf */ = {isa = PBXFileReference; explicitFileType = undefined; fileEncoding = 9; includeInIndex = 0; lastKnownFileType = unknown; name = "BungeeInline-Regular.ttf"; path = "../src/assets/fonts/BungeeInline-Regular.ttf"; sourceTree = "<group>"; };
		7A7C9D7BBD884E30A4DEAE1A /* Halcom-ExtraBoldItalic.otf */ = {isa = PBXFileReference; explicitFileType = undefined; fileEncoding = 9; includeInIndex = 0; lastKnownFileType = unknown; name = "Halcom-ExtraBoldItalic.otf"; path = "../src/assets/fonts/Halcom-ExtraBoldItalic.otf"; sourceTree = "<group>"; };
		81AB9BB72411601600AC10FF /* LaunchScreen.storyboard */ = {isa = PBXFileReference; fileEncoding = 4; lastKnownFileType = file.storyboard; name = LaunchScreen.storyboard; path = DeckStatsTCG/LaunchScreen.storyboard; sourceTree = "<group>"; };
		82876B1A42364D22BE45AB72 /* Halcom-BoldItalic.otf */ = {isa = PBXFileReference; explicitFileType = undefined; fileEncoding = 9; includeInIndex = 0; lastKnownFileType = unknown; name = "Halcom-BoldItalic.otf"; path = "../src/assets/fonts/Halcom-BoldItalic.otf"; sourceTree = "<group>"; };
		9558D5BE6B6F4D6994C0F708 /* logo_dark_with_text_500.png */ = {isa = PBXFileReference; explicitFileType = undefined; fileEncoding = 9; includeInIndex = 0; lastKnownFileType = unknown; name = logo_dark_with_text_500.png; path = ../src/assets/images/logo_dark_with_text_500.png; sourceTree = "<group>"; };
		990C63F554C24334A266CCA1 /* bootsplash_logo_2x.png */ = {isa = PBXFileReference; explicitFileType = undefined; fileEncoding = 9; includeInIndex = 0; lastKnownFileType = unknown; name = bootsplash_logo_2x.png; path = ../src/assets/bootsplash_logo_2x.png; sourceTree = "<group>"; };
		9D7AA1EC0CCB4A418433C20E /* Halcom-Thin.otf */ = {isa = PBXFileReference; explicitFileType = undefined; fileEncoding = 9; includeInIndex = 0; lastKnownFileType = unknown; name = "Halcom-Thin.otf"; path = "../src/assets/fonts/Halcom-Thin.otf"; sourceTree = "<group>"; };
		A7D37DE660A6C3936886AFC5 /* Pods-DeckStatsTCG.debug.xcconfig */ = {isa = PBXFileReference; includeInIndex = 1; lastKnownFileType = text.xcconfig; name = "Pods-DeckStatsTCG.debug.xcconfig"; path = "Target Support Files/Pods-DeckStatsTCG/Pods-DeckStatsTCG.debug.xcconfig"; sourceTree = "<group>"; };
		AB9DAC2ED5EB4332BF5E6930 /* Halcom-Light.otf */ = {isa = PBXFileReference; explicitFileType = undefined; fileEncoding = 9; includeInIndex = 0; lastKnownFileType = unknown; name = "Halcom-Light.otf"; path = "../src/assets/fonts/Halcom-Light.otf"; sourceTree = "<group>"; };
		ACE1CC6DBA203718287287A5 /* Pods-DeckStatsTCG-DeckStatsTCGTests.debug.xcconfig */ = {isa = PBXFileReference; includeInIndex = 1; lastKnownFileType = text.xcconfig; name = "Pods-DeckStatsTCG-DeckStatsTCGTests.debug.xcconfig"; path = "Target Support Files/Pods-DeckStatsTCG-DeckStatsTCGTests/Pods-DeckStatsTCG-DeckStatsTCGTests.debug.xcconfig"; sourceTree = "<group>"; };
		AEBDB8A096E84AA2B6A5B6F3 /* Halcom-Book.otf */ = {isa = PBXFileReference; explicitFileType = undefined; fileEncoding = 9; includeInIndex = 0; lastKnownFileType = unknown; name = "Halcom-Book.otf"; path = "../src/assets/fonts/Halcom-Book.otf"; sourceTree = "<group>"; };
		B0E14AB487DE442E805899BF /* Halcom-MediumItalic.otf */ = {isa = PBXFileReference; explicitFileType = undefined; fileEncoding = 9; includeInIndex = 0; lastKnownFileType = unknown; name = "Halcom-MediumItalic.otf"; path = "../src/assets/fonts/Halcom-MediumItalic.otf"; sourceTree = "<group>"; };
		C25A954D3A34386608D1DD98 /* Pods_DeckStatsTCG.framework */ = {isa = PBXFileReference; explicitFileType = wrapper.framework; includeInIndex = 0; path = Pods_DeckStatsTCG.framework; sourceTree = BUILT_PRODUCTS_DIR; };
		D1E377756D944EAFB9EFA06D /* triangle_top_left_icon.svg */ = {isa = PBXFileReference; explicitFileType = undefined; fileEncoding = 9; includeInIndex = 0; lastKnownFileType = unknown; name = triangle_top_left_icon.svg; path = ../src/assets/images/triangle_top_left_icon.svg; sourceTree = "<group>"; };
		D6CF6C0035F4759C9D973D70 /* Pods-DeckStatsTCG-DeckStatsTCGTests.release.xcconfig */ = {isa = PBXFileReference; includeInIndex = 1; lastKnownFileType = text.xcconfig; name = "Pods-DeckStatsTCG-DeckStatsTCGTests.release.xcconfig"; path = "Target Support Files/Pods-DeckStatsTCG-DeckStatsTCGTests/Pods-DeckStatsTCG-DeckStatsTCGTests.release.xcconfig"; sourceTree = "<group>"; };
		D7BAB57814294E8EB15F43C5 /* bootsplash_logo_4x.png */ = {isa = PBXFileReference; explicitFileType = undefined; fileEncoding = 9; includeInIndex = 0; lastKnownFileType = unknown; name = bootsplash_logo_4x.png; path = ../src/assets/bootsplash_logo_4x.png; sourceTree = "<group>"; };
		D985B758034842E4887AB8B9 /* button_blue.png */ = {isa = PBXFileReference; explicitFileType = undefined; fileEncoding = 9; includeInIndex = 0; lastKnownFileType = unknown; name = button_blue.png; path = ../src/assets/images/button_blue.png; sourceTree = "<group>"; };
		DF8D18D2E8C4494FADDB9C15 /* substitute.png */ = {isa = PBXFileReference; explicitFileType = undefined; fileEncoding = 9; includeInIndex = 0; lastKnownFileType = unknown; name = substitute.png; path = ../src/assets/images/substitute.png; sourceTree = "<group>"; };
		E4EE378479B1460A94A4934F /* Halcom-BookItalic.otf */ = {isa = PBXFileReference; explicitFileType = undefined; fileEncoding = 9; includeInIndex = 0; lastKnownFileType = unknown; name = "Halcom-BookItalic.otf"; path = "../src/assets/fonts/Halcom-BookItalic.otf"; sourceTree = "<group>"; };
		E7AC36586367477BBA4C8F91 /* pokemon_dp.otf */ = {isa = PBXFileReference; explicitFileType = undefined; fileEncoding = 9; includeInIndex = 0; lastKnownFileType = unknown; name = pokemon_dp.otf; path = ../src/assets/fonts/pokemon_dp.otf; sourceTree = "<group>"; };
		E8C1402E65AD4E32864D211C /* Halcom-ExtraBold.otf */ = {isa = PBXFileReference; explicitFileType = undefined; fileEncoding = 9; includeInIndex = 0; lastKnownFileType = unknown; name = "Halcom-ExtraBold.otf"; path = "../src/assets/fonts/Halcom-ExtraBold.otf"; sourceTree = "<group>"; };
		EC6A7B79838044BAA694B2AF /* Halcom-LightItalic.otf */ = {isa = PBXFileReference; explicitFileType = undefined; fileEncoding = 9; includeInIndex = 0; lastKnownFileType = unknown; name = "Halcom-LightItalic.otf"; path = "../src/assets/fonts/Halcom-LightItalic.otf"; sourceTree = "<group>"; };
		ED297162215061F000B7C4FE /* JavaScriptCore.framework */ = {isa = PBXFileReference; lastKnownFileType = wrapper.framework; name = JavaScriptCore.framework; path = System/Library/Frameworks/JavaScriptCore.framework; sourceTree = SDKROOT; };
		EEE39C572BB1916100BEFCB9 /* GoogleService-Info.plist */ = {isa = PBXFileReference; fileEncoding = 4; lastKnownFileType = text.plist.xml; path = "GoogleService-Info.plist"; sourceTree = "<group>"; };
		F7B36423B2964CE8ACF48999 /* bootsplash_logo_3x.png */ = {isa = PBXFileReference; explicitFileType = undefined; fileEncoding = 9; includeInIndex = 0; lastKnownFileType = unknown; name = bootsplash_logo_3x.png; path = ../src/assets/bootsplash_logo_3x.png; sourceTree = "<group>"; };
		282683D1CA6244789CF33539 /* coin_icon.png */ = {isa = PBXFileReference; name = "coin_icon.png"; path = "../src/assets/images/coin_icon.png"; sourceTree = "<group>"; fileEncoding = undefined; lastKnownFileType = unknown; explicitFileType = undefined; includeInIndex = 0; };
/* End PBXFileReference section */

/* Begin PBXFrameworksBuildPhase section */
		00E356EB1AD99517003FC87E /* Frameworks */ = {
			isa = PBXFrameworksBuildPhase;
			buildActionMask = 2147483647;
			files = (
				17ECFB7E4C9226DEA3208202 /* Pods_DeckStatsTCG_DeckStatsTCGTests.framework in Frameworks */,
			);
			runOnlyForDeploymentPostprocessing = 0;
		};
		13B07F8C1A680F5B00A75B9A /* Frameworks */ = {
			isa = PBXFrameworksBuildPhase;
			buildActionMask = 2147483647;
			files = (
				F2A980B4B29E0B42153CB0AF /* Pods_DeckStatsTCG.framework in Frameworks */,
			);
			runOnlyForDeploymentPostprocessing = 0;
		};
/* End PBXFrameworksBuildPhase section */

/* Begin PBXGroup section */
		00E356EF1AD99517003FC87E /* DeckStatsTCGTests */ = {
			isa = PBXGroup;
			children = (
				00E356F21AD99517003FC87E /* DeckStatsTCGTests.m */,
				00E356F01AD99517003FC87E /* Supporting Files */,
			);
			path = DeckStatsTCGTests;
			sourceTree = "<group>";
		};
		00E356F01AD99517003FC87E /* Supporting Files */ = {
			isa = PBXGroup;
			children = (
				00E356F11AD99517003FC87E /* Info.plist */,
			);
			name = "Supporting Files";
			sourceTree = "<group>";
		};
		13B07FAE1A68108700A75B9A /* DeckStatsTCG */ = {
			isa = PBXGroup;
			children = (
				13B07FAF1A68108700A75B9A /* AppDelegate.h */,
				13B07FB01A68108700A75B9A /* AppDelegate.mm */,
				13B07FB51A68108700A75B9A /* Images.xcassets */,
				13B07FB61A68108700A75B9A /* Info.plist */,
				81AB9BB72411601600AC10FF /* LaunchScreen.storyboard */,
				13B07FB71A68108700A75B9A /* main.m */,
			);
			name = DeckStatsTCG;
			sourceTree = "<group>";
		};
		2D16E6871FA4F8E400B85C8A /* Frameworks */ = {
			isa = PBXGroup;
			children = (
				ED297162215061F000B7C4FE /* JavaScriptCore.framework */,
				C25A954D3A34386608D1DD98 /* Pods_DeckStatsTCG.framework */,
				563045FD2A2BCC995A02F85D /* Pods_DeckStatsTCG_DeckStatsTCGTests.framework */,
			);
			name = Frameworks;
			sourceTree = "<group>";
		};
		62D9FD39C0E64A9A94D3E3F5 /* Resources */ = {
			isa = PBXGroup;
			children = (
				6B7BCC71DAF64FD2826959BE /* Halcom-Black.otf */,
				664BB16939274E66813A6F50 /* Halcom-BlackItalic.otf */,
				59901895B86A4DFD83EE3D38 /* Halcom-Bold.otf */,
				82876B1A42364D22BE45AB72 /* Halcom-BoldItalic.otf */,
				AEBDB8A096E84AA2B6A5B6F3 /* Halcom-Book.otf */,
				E4EE378479B1460A94A4934F /* Halcom-BookItalic.otf */,
				E8C1402E65AD4E32864D211C /* Halcom-ExtraBold.otf */,
				7A7C9D7BBD884E30A4DEAE1A /* Halcom-ExtraBoldItalic.otf */,
				334EC7CC339E408C9EB73501 /* Halcom-Italic.otf */,
				AB9DAC2ED5EB4332BF5E6930 /* Halcom-Light.otf */,
				EC6A7B79838044BAA694B2AF /* Halcom-LightItalic.otf */,
				163F3E9B92664480B4137A81 /* Halcom-Medium.otf */,
				B0E14AB487DE442E805899BF /* Halcom-MediumItalic.otf */,
				37095120181146FD9914DDA3 /* Halcom-Regular.otf */,
				9D7AA1EC0CCB4A418433C20E /* Halcom-Thin.otf */,
				48FD368426884347B3D64952 /* Halcom-ThinItalic.otf */,
				7487A37E92E5424683E8D74A /* BungeeInline-Regular.ttf */,
				D985B758034842E4887AB8B9 /* button_blue.png */,
				1991682AF24443DBBE4C0D24 /* dots.png */,
				06577A8AAA3B4ADB9CED0122 /* pokeball_bit.png */,
				2E04A17F957E4E3CA2F6D25F /* screw.png */,
				D1E377756D944EAFB9EFA06D /* triangle_top_left_icon.svg */,
				E7AC36586367477BBA4C8F91 /* pokemon_dp.otf */,
				0D8A0023A74140D0BC35CFFF /* bootsplash_logo.png */,
				5E35963B0B2C4B248D03D9D0 /* bootsplash_manifest.json */,
				9558D5BE6B6F4D6994C0F708 /* logo_dark_with_text_500.png */,
				4CBA7721FCB94F33BBE6F24F /* logo_light_no_bg_500.png */,
				102479D0844A4FB9B846DB28 /* bootsplash_logo_1,5x.png */,
				990C63F554C24334A266CCA1 /* bootsplash_logo_2x.png */,
				F7B36423B2964CE8ACF48999 /* bootsplash_logo_3x.png */,
				D7BAB57814294E8EB15F43C5 /* bootsplash_logo_4x.png */,
				DF8D18D2E8C4494FADDB9C15 /* substitute.png */,
				282683D1CA6244789CF33539 /* coin_icon.png */,
			);
			name = Resources;
			sourceTree = "<group>";
		};
		832341AE1AAA6A7D00B99B32 /* Libraries */ = {
			isa = PBXGroup;
			children = (
			);
			name = Libraries;
			sourceTree = "<group>";
		};
		83CBB9F61A601CBA00E9B192 = {
			isa = PBXGroup;
			children = (
				EEE39C572BB1916100BEFCB9 /* GoogleService-Info.plist */,
				13B07FAE1A68108700A75B9A /* DeckStatsTCG */,
				832341AE1AAA6A7D00B99B32 /* Libraries */,
				00E356EF1AD99517003FC87E /* DeckStatsTCGTests */,
				83CBBA001A601CBA00E9B192 /* Products */,
				2D16E6871FA4F8E400B85C8A /* Frameworks */,
				BBD78D7AC51CEA395F1C20DB /* Pods */,
				62D9FD39C0E64A9A94D3E3F5 /* Resources */,
			);
			indentWidth = 2;
			sourceTree = "<group>";
			tabWidth = 2;
			usesTabs = 0;
		};
		83CBBA001A601CBA00E9B192 /* Products */ = {
			isa = PBXGroup;
			children = (
				13B07F961A680F5B00A75B9A /* DeckStatsTCG.app */,
				00E356EE1AD99517003FC87E /* DeckStatsTCGTests.xctest */,
			);
			name = Products;
			sourceTree = "<group>";
		};
		BBD78D7AC51CEA395F1C20DB /* Pods */ = {
			isa = PBXGroup;
			children = (
				A7D37DE660A6C3936886AFC5 /* Pods-DeckStatsTCG.debug.xcconfig */,
				3F5BFFF00193C9AFC4983958 /* Pods-DeckStatsTCG.release.xcconfig */,
				ACE1CC6DBA203718287287A5 /* Pods-DeckStatsTCG-DeckStatsTCGTests.debug.xcconfig */,
				D6CF6C0035F4759C9D973D70 /* Pods-DeckStatsTCG-DeckStatsTCGTests.release.xcconfig */,
			);
			path = Pods;
			sourceTree = "<group>";
		};
/* End PBXGroup section */

/* Begin PBXNativeTarget section */
		00E356ED1AD99517003FC87E /* DeckStatsTCGTests */ = {
			isa = PBXNativeTarget;
			buildConfigurationList = 00E357021AD99517003FC87E /* Build configuration list for PBXNativeTarget "DeckStatsTCGTests" */;
			buildPhases = (
				AE266A654A9F5B85430A2D57 /* [CP] Check Pods Manifest.lock */,
				00E356EA1AD99517003FC87E /* Sources */,
				00E356EB1AD99517003FC87E /* Frameworks */,
				00E356EC1AD99517003FC87E /* Resources */,
				B61BC7BF6F32833BCC30EB3C /* [CP] Embed Pods Frameworks */,
				CE09F5CF55167F19EB01CD6A /* [CP] Copy Pods Resources */,
			);
			buildRules = (
			);
			dependencies = (
				00E356F51AD99517003FC87E /* PBXTargetDependency */,
			);
			name = DeckStatsTCGTests;
			productName = DeckStatsTCGTests;
			productReference = 00E356EE1AD99517003FC87E /* DeckStatsTCGTests.xctest */;
			productType = "com.apple.product-type.bundle.unit-test";
		};
		13B07F861A680F5B00A75B9A /* DeckStatsTCG */ = {
			isa = PBXNativeTarget;
			buildConfigurationList = 13B07F931A680F5B00A75B9A /* Build configuration list for PBXNativeTarget "DeckStatsTCG" */;
			buildPhases = (
				ECA1EA34BB01FE58CB5B2151 /* [CP] Check Pods Manifest.lock */,
				13B07F871A680F5B00A75B9A /* Sources */,
				13B07F8C1A680F5B00A75B9A /* Frameworks */,
				13B07F8E1A680F5B00A75B9A /* Resources */,
				00DD1BFF1BD5951E006B06BC /* Bundle React Native code and images */,
				E285570C46B6E1A6A99447ED /* [CP] Embed Pods Frameworks */,
				54116763BCB980C0C0E9DB44 /* [CP] Copy Pods Resources */,
				E4942B52B60957B1021A860E /* [CP-User] [RNFB] Core Configuration */,
			);
			buildRules = (
			);
			dependencies = (
			);
			name = DeckStatsTCG;
			productName = DeckStatsTCG;
			productReference = 13B07F961A680F5B00A75B9A /* DeckStatsTCG.app */;
			productType = "com.apple.product-type.application";
		};
/* End PBXNativeTarget section */

/* Begin PBXProject section */
		83CBB9F71A601CBA00E9B192 /* Project object */ = {
			isa = PBXProject;
			attributes = {
				BuildIndependentTargetsInParallel = YES;
				LastUpgradeCheck = 1520;
				TargetAttributes = {
					00E356ED1AD99517003FC87E = {
						CreatedOnToolsVersion = 6.2;
						TestTargetID = 13B07F861A680F5B00A75B9A;
					};
					13B07F861A680F5B00A75B9A = {
						LastSwiftMigration = 1120;
					};
				};
			};
			buildConfigurationList = 83CBB9FA1A601CBA00E9B192 /* Build configuration list for PBXProject "DeckStatsTCG" */;
			compatibilityVersion = "Xcode 12.0";
			developmentRegion = en;
			hasScannedForEncodings = 0;
			knownRegions = (
				en,
				Base,
			);
			mainGroup = 83CBB9F61A601CBA00E9B192;
			productRefGroup = 83CBBA001A601CBA00E9B192 /* Products */;
			projectDirPath = "";
			projectRoot = "";
			targets = (
				13B07F861A680F5B00A75B9A /* DeckStatsTCG */,
				00E356ED1AD99517003FC87E /* DeckStatsTCGTests */,
			);
		};
/* End PBXProject section */

/* Begin PBXResourcesBuildPhase section */
		00E356EC1AD99517003FC87E /* Resources */ = {
			isa = PBXResourcesBuildPhase;
			buildActionMask = 2147483647;
			files = (
			);
			runOnlyForDeploymentPostprocessing = 0;
		};
		13B07F8E1A680F5B00A75B9A /* Resources */ = {
			isa = PBXResourcesBuildPhase;
			buildActionMask = 2147483647;
			files = (
				81AB9BB82411601600AC10FF /* LaunchScreen.storyboard in Resources */,
				13B07FBF1A68108700A75B9A /* Images.xcassets in Resources */,
				EEE39C582BB1916100BEFCB9 /* GoogleService-Info.plist in Resources */,
				1E991F2951CE46C79F6507B7 /* Halcom-Black.otf in Resources */,
				02318611A4704B859D347591 /* Halcom-BlackItalic.otf in Resources */,
				7D97013076104F8F8CAD31BC /* Halcom-Bold.otf in Resources */,
				6EE320CB07DB43FEBDB6D357 /* Halcom-BoldItalic.otf in Resources */,
				F80C4045427D4B4488B94D7B /* Halcom-Book.otf in Resources */,
				26AA2D17750C41C89792C8AC /* Halcom-BookItalic.otf in Resources */,
				DA120F15CE01417CB11526FC /* Halcom-ExtraBold.otf in Resources */,
				3563F96EA5164BD59A73555E /* Halcom-ExtraBoldItalic.otf in Resources */,
				453D5C0188FB491A9A93C96B /* Halcom-Italic.otf in Resources */,
				30A2359A2C374AEAA3F78462 /* Halcom-Light.otf in Resources */,
				D882A4811DBD4E14B89035E8 /* Halcom-LightItalic.otf in Resources */,
				20CF83ABEC2442C0B29E36FD /* Halcom-Medium.otf in Resources */,
				44FE65F62DA940E8BE3F8715 /* Halcom-MediumItalic.otf in Resources */,
				B24A78BE6AA94AA4A8BDFBFD /* Halcom-Regular.otf in Resources */,
				17F7A41912A740C69B8044E7 /* Halcom-Thin.otf in Resources */,
				C7631DFEA32546A09AAA465A /* Halcom-ThinItalic.otf in Resources */,
				9FD76511911E4E5AA5E07CA7 /* BungeeInline-Regular.ttf in Resources */,
				A59807C832E74018A3E576E7 /* button_blue.png in Resources */,
				8C6081D80E2344438B8891A9 /* dots.png in Resources */,
				8525DDE99AC74036A4E2C356 /* pokeball_bit.png in Resources */,
				A87CEE41EBF240F19452B33F /* screw.png in Resources */,
				0EA6B0CE0AF848C085370F10 /* triangle_top_left_icon.svg in Resources */,
				3DA9406D862E4E1DBBD8B122 /* pokemon_dp.otf in Resources */,
				9C95F8FA77F84159ACF42DB9 /* bootsplash_logo.png in Resources */,
				FC0D60792BBF4BC6B078E41C /* bootsplash_manifest.json in Resources */,
				897FB141C75E4343B0B575BF /* logo_dark_with_text_500.png in Resources */,
				4F968A6FBF9A4A7DA3BE17CD /* logo_light_no_bg_500.png in Resources */,
				256483022A3143D9970F58C8 /* bootsplash_logo_1,5x.png in Resources */,
				66246C6723D84F25A26355D0 /* bootsplash_logo_2x.png in Resources */,
				0655A12B9655471D96CFDEE8 /* bootsplash_logo_3x.png in Resources */,
				6674EF666F784213982B8CE1 /* bootsplash_logo_4x.png in Resources */,
				230A444D49E141F080D1293E /* substitute.png in Resources */,
				F352F5FEA15C498393D8606E /* coin_icon.png in Resources */,
			);
			runOnlyForDeploymentPostprocessing = 0;
		};
/* End PBXResourcesBuildPhase section */

/* Begin PBXShellScriptBuildPhase section */
		00DD1BFF1BD5951E006B06BC /* Bundle React Native code and images */ = {
			isa = PBXShellScriptBuildPhase;
			buildActionMask = 2147483647;
			files = (
			);
			inputPaths = (
				"$(SRCROOT)/.xcode.env.local",
				"$(SRCROOT)/.xcode.env",
			);
			name = "Bundle React Native code and images";
			outputPaths = (
			);
			runOnlyForDeploymentPostprocessing = 0;
			shellPath = /bin/sh;
			shellScript = "set -e\n\nWITH_ENVIRONMENT=\"../node_modules/react-native/scripts/xcode/with-environment.sh index.ts\"\nREACT_NATIVE_XCODE=\"../node_modules/react-native/scripts/react-native-xcode.sh index.ts\"\n\n/bin/sh -c \"$REACT_NATIVE_XCODE\"\n";
		};
		54116763BCB980C0C0E9DB44 /* [CP] Copy Pods Resources */ = {
			isa = PBXShellScriptBuildPhase;
			buildActionMask = 2147483647;
			files = (
			);
			inputFileListPaths = (
				"${PODS_ROOT}/Target Support Files/Pods-DeckStatsTCG/Pods-DeckStatsTCG-resources-${CONFIGURATION}-input-files.xcfilelist",
			);
			name = "[CP] Copy Pods Resources";
			outputFileListPaths = (
				"${PODS_ROOT}/Target Support Files/Pods-DeckStatsTCG/Pods-DeckStatsTCG-resources-${CONFIGURATION}-output-files.xcfilelist",
			);
			runOnlyForDeploymentPostprocessing = 0;
			shellPath = /bin/sh;
			shellScript = "\"${PODS_ROOT}/Target Support Files/Pods-DeckStatsTCG/Pods-DeckStatsTCG-resources.sh\"\n";
			showEnvVarsInLog = 0;
		};
		AE266A654A9F5B85430A2D57 /* [CP] Check Pods Manifest.lock */ = {
			isa = PBXShellScriptBuildPhase;
			buildActionMask = 2147483647;
			files = (
			);
			inputFileListPaths = (
			);
			inputPaths = (
				"${PODS_PODFILE_DIR_PATH}/Podfile.lock",
				"${PODS_ROOT}/Manifest.lock",
			);
			name = "[CP] Check Pods Manifest.lock";
			outputFileListPaths = (
			);
			outputPaths = (
				"$(DERIVED_FILE_DIR)/Pods-DeckStatsTCG-DeckStatsTCGTests-checkManifestLockResult.txt",
			);
			runOnlyForDeploymentPostprocessing = 0;
			shellPath = /bin/sh;
			shellScript = "diff \"${PODS_PODFILE_DIR_PATH}/Podfile.lock\" \"${PODS_ROOT}/Manifest.lock\" > /dev/null\nif [ $? != 0 ] ; then\n    # print error to STDERR\n    echo \"error: The sandbox is not in sync with the Podfile.lock. Run 'pod install' or update your CocoaPods installation.\" >&2\n    exit 1\nfi\n# This output is used by Xcode 'outputs' to avoid re-running this script phase.\necho \"SUCCESS\" > \"${SCRIPT_OUTPUT_FILE_0}\"\n";
			showEnvVarsInLog = 0;
		};
		B61BC7BF6F32833BCC30EB3C /* [CP] Embed Pods Frameworks */ = {
			isa = PBXShellScriptBuildPhase;
			buildActionMask = 2147483647;
			files = (
			);
			inputFileListPaths = (
				"${PODS_ROOT}/Target Support Files/Pods-DeckStatsTCG-DeckStatsTCGTests/Pods-DeckStatsTCG-DeckStatsTCGTests-frameworks-${CONFIGURATION}-input-files.xcfilelist",
			);
			name = "[CP] Embed Pods Frameworks";
			outputFileListPaths = (
				"${PODS_ROOT}/Target Support Files/Pods-DeckStatsTCG-DeckStatsTCGTests/Pods-DeckStatsTCG-DeckStatsTCGTests-frameworks-${CONFIGURATION}-output-files.xcfilelist",
			);
			runOnlyForDeploymentPostprocessing = 0;
			shellPath = /bin/sh;
			shellScript = "\"${PODS_ROOT}/Target Support Files/Pods-DeckStatsTCG-DeckStatsTCGTests/Pods-DeckStatsTCG-DeckStatsTCGTests-frameworks.sh\"\n";
			showEnvVarsInLog = 0;
		};
		CE09F5CF55167F19EB01CD6A /* [CP] Copy Pods Resources */ = {
			isa = PBXShellScriptBuildPhase;
			buildActionMask = 2147483647;
			files = (
			);
			inputFileListPaths = (
				"${PODS_ROOT}/Target Support Files/Pods-DeckStatsTCG-DeckStatsTCGTests/Pods-DeckStatsTCG-DeckStatsTCGTests-resources-${CONFIGURATION}-input-files.xcfilelist",
			);
			name = "[CP] Copy Pods Resources";
			outputFileListPaths = (
				"${PODS_ROOT}/Target Support Files/Pods-DeckStatsTCG-DeckStatsTCGTests/Pods-DeckStatsTCG-DeckStatsTCGTests-resources-${CONFIGURATION}-output-files.xcfilelist",
			);
			runOnlyForDeploymentPostprocessing = 0;
			shellPath = /bin/sh;
			shellScript = "\"${PODS_ROOT}/Target Support Files/Pods-DeckStatsTCG-DeckStatsTCGTests/Pods-DeckStatsTCG-DeckStatsTCGTests-resources.sh\"\n";
			showEnvVarsInLog = 0;
		};
		E285570C46B6E1A6A99447ED /* [CP] Embed Pods Frameworks */ = {
			isa = PBXShellScriptBuildPhase;
			buildActionMask = 2147483647;
			files = (
			);
			inputFileListPaths = (
				"${PODS_ROOT}/Target Support Files/Pods-DeckStatsTCG/Pods-DeckStatsTCG-frameworks-${CONFIGURATION}-input-files.xcfilelist",
			);
			name = "[CP] Embed Pods Frameworks";
			outputFileListPaths = (
				"${PODS_ROOT}/Target Support Files/Pods-DeckStatsTCG/Pods-DeckStatsTCG-frameworks-${CONFIGURATION}-output-files.xcfilelist",
			);
			runOnlyForDeploymentPostprocessing = 0;
			shellPath = /bin/sh;
			shellScript = "\"${PODS_ROOT}/Target Support Files/Pods-DeckStatsTCG/Pods-DeckStatsTCG-frameworks.sh\"\n";
			showEnvVarsInLog = 0;
		};
		E4942B52B60957B1021A860E /* [CP-User] [RNFB] Core Configuration */ = {
			isa = PBXShellScriptBuildPhase;
			buildActionMask = 2147483647;
			files = (
			);
			inputPaths = (
				"$(BUILT_PRODUCTS_DIR)/$(INFOPLIST_PATH)",
			);
			name = "[CP-User] [RNFB] Core Configuration";
			runOnlyForDeploymentPostprocessing = 0;
			shellPath = /bin/sh;
			shellScript = "#!/usr/bin/env bash\n#\n# Copyright (c) 2016-present Invertase Limited & Contributors\n#\n# Licensed under the Apache License, Version 2.0 (the \"License\");\n# you may not use this library except in compliance with the License.\n# You may obtain a copy of the License at\n#\n#   http://www.apache.org/licenses/LICENSE-2.0\n#\n# Unless required by applicable law or agreed to in writing, software\n# distributed under the License is distributed on an \"AS IS\" BASIS,\n# WITHOUT WARRANTIES OR CONDITIONS OF ANY KIND, either express or implied.\n# See the License for the specific language governing permissions and\n# limitations under the License.\n#\n\n##########################################################################\n##########################################################################\n#\n#  NOTE THAT IF YOU CHANGE THIS FILE YOU MUST RUN pod install AFTERWARDS\n#\n#  This file is installed as an Xcode build script in the project file\n#  by cocoapods, and you will not see your changes until you pod install\n#\n##########################################################################\n##########################################################################\n\nset -e\n\n_MAX_LOOKUPS=2;\n_SEARCH_RESULT=''\n_RN_ROOT_EXISTS=''\n_CURRENT_LOOKUPS=1\n_JSON_ROOT=\"'react-native'\"\n_JSON_FILE_NAME='firebase.json'\n_JSON_OUTPUT_BASE64='e30=' # { }\n_CURRENT_SEARCH_DIR=${PROJECT_DIR}\n_PLIST_BUDDY=/usr/libexec/PlistBuddy\n_TARGET_PLIST=\"${BUILT_PRODUCTS_DIR}/${INFOPLIST_PATH}\"\n_DSYM_PLIST=\"${DWARF_DSYM_FOLDER_PATH}/${DWARF_DSYM_FILE_NAME}/Contents/Info.plist\"\n\n# plist arrays\n_PLIST_ENTRY_KEYS=()\n_PLIST_ENTRY_TYPES=()\n_PLIST_ENTRY_VALUES=()\n\nfunction setPlistValue {\n  echo \"info:      setting plist entry '$1' of type '$2' in file '$4'\"\n  ${_PLIST_BUDDY} -c \"Add :$1 $2 '$3'\" $4 || echo \"info:      '$1' already exists\"\n}\n\nfunction getFirebaseJsonKeyValue () {\n  if [[ ${_RN_ROOT_EXISTS} ]]; then\n    ruby -Ku -e \"require 'rubygems';require 'json'; output=JSON.parse('$1'); puts output[$_JSON_ROOT]['$2']\"\n  else\n    echo \"\"\n  fi;\n}\n\nfunction jsonBoolToYesNo () {\n  if [[ $1 == \"false\" ]]; then\n    echo \"NO\"\n  elif [[ $1 == \"true\" ]]; then\n    echo \"YES\"\n  else echo \"NO\"\n  fi\n}\n\necho \"info: -> RNFB build script started\"\necho \"info: 1) Locating ${_JSON_FILE_NAME} file:\"\n\nif [[ -z ${_CURRENT_SEARCH_DIR} ]]; then\n  _CURRENT_SEARCH_DIR=$(pwd)\nfi;\n\nwhile true; do\n  _CURRENT_SEARCH_DIR=$(dirname \"$_CURRENT_SEARCH_DIR\")\n  if [[ \"$_CURRENT_SEARCH_DIR\" == \"/\" ]] || [[ ${_CURRENT_LOOKUPS} -gt ${_MAX_LOOKUPS} ]]; then break; fi;\n  echo \"info:      ($_CURRENT_LOOKUPS of $_MAX_LOOKUPS) Searching in '$_CURRENT_SEARCH_DIR' for a ${_JSON_FILE_NAME} file.\"\n  _SEARCH_RESULT=$(find \"$_CURRENT_SEARCH_DIR\" -maxdepth 2 -name ${_JSON_FILE_NAME} -print | /usr/bin/head -n 1)\n  if [[ ${_SEARCH_RESULT} ]]; then\n    echo \"info:      ${_JSON_FILE_NAME} found at $_SEARCH_RESULT\"\n    break;\n  fi;\n  _CURRENT_LOOKUPS=$((_CURRENT_LOOKUPS+1))\ndone\n\nif [[ ${_SEARCH_RESULT} ]]; then\n  _JSON_OUTPUT_RAW=$(cat \"${_SEARCH_RESULT}\")\n  _RN_ROOT_EXISTS=$(ruby -Ku -e \"require 'rubygems';require 'json'; output=JSON.parse('$_JSON_OUTPUT_RAW'); puts output[$_JSON_ROOT]\" || echo '')\n\n  if [[ ${_RN_ROOT_EXISTS} ]]; then\n    if ! python3 --version >/dev/null 2>&1; then echo \"python3 not found, firebase.json file processing error.\" && exit 1; fi\n    _JSON_OUTPUT_BASE64=$(python3 -c 'import json,sys,base64;print(base64.b64encode(bytes(json.dumps(json.loads(open('\"'${_SEARCH_RESULT}'\"', '\"'rb'\"').read())['${_JSON_ROOT}']), '\"'utf-8'\"')).decode())' || echo \"e30=\")\n  fi\n\n  _PLIST_ENTRY_KEYS+=(\"firebase_json_raw\")\n  _PLIST_ENTRY_TYPES+=(\"string\")\n  _PLIST_ENTRY_VALUES+=(\"$_JSON_OUTPUT_BASE64\")\n\n  # config.app_data_collection_default_enabled\n  _APP_DATA_COLLECTION_ENABLED=$(getFirebaseJsonKeyValue \"$_JSON_OUTPUT_RAW\" \"app_data_collection_default_enabled\")\n  if [[ $_APP_DATA_COLLECTION_ENABLED ]]; then\n    _PLIST_ENTRY_KEYS+=(\"FirebaseDataCollectionDefaultEnabled\")\n    _PLIST_ENTRY_TYPES+=(\"bool\")\n    _PLIST_ENTRY_VALUES+=(\"$(jsonBoolToYesNo \"$_APP_DATA_COLLECTION_ENABLED\")\")\n  fi\n\n  # config.analytics_auto_collection_enabled\n  _ANALYTICS_AUTO_COLLECTION=$(getFirebaseJsonKeyValue \"$_JSON_OUTPUT_RAW\" \"analytics_auto_collection_enabled\")\n  if [[ $_ANALYTICS_AUTO_COLLECTION ]]; then\n    _PLIST_ENTRY_KEYS+=(\"FIREBASE_ANALYTICS_COLLECTION_ENABLED\")\n    _PLIST_ENTRY_TYPES+=(\"bool\")\n    _PLIST_ENTRY_VALUES+=(\"$(jsonBoolToYesNo \"$_ANALYTICS_AUTO_COLLECTION\")\")\n  fi\n\n  # config.analytics_collection_deactivated\n  _ANALYTICS_DEACTIVATED=$(getFirebaseJsonKeyValue \"$_JSON_OUTPUT_RAW\" \"analytics_collection_deactivated\")\n  if [[ $_ANALYTICS_DEACTIVATED ]]; then\n    _PLIST_ENTRY_KEYS+=(\"FIREBASE_ANALYTICS_COLLECTION_DEACTIVATED\")\n    _PLIST_ENTRY_TYPES+=(\"bool\")\n    _PLIST_ENTRY_VALUES+=(\"$(jsonBoolToYesNo \"$_ANALYTICS_DEACTIVATED\")\")\n  fi\n\n  # config.analytics_idfv_collection_enabled\n  _ANALYTICS_IDFV_COLLECTION=$(getFirebaseJsonKeyValue \"$_JSON_OUTPUT_RAW\" \"analytics_idfv_collection_enabled\")\n  if [[ $_ANALYTICS_IDFV_COLLECTION ]]; then\n    _PLIST_ENTRY_KEYS+=(\"GOOGLE_ANALYTICS_IDFV_COLLECTION_ENABLED\")\n    _PLIST_ENTRY_TYPES+=(\"bool\")\n    _PLIST_ENTRY_VALUES+=(\"$(jsonBoolToYesNo \"$_ANALYTICS_IDFV_COLLECTION\")\")\n  fi\n\n  # config.analytics_default_allow_analytics_storage\n  _ANALYTICS_STORAGE=$(getFirebaseJsonKeyValue \"$_JSON_OUTPUT_RAW\" \"analytics_default_allow_analytics_storage\")\n  if [[ $_ANALYTICS_STORAGE ]]; then\n    _PLIST_ENTRY_KEYS+=(\"GOOGLE_ANALYTICS_DEFAULT_ALLOW_ANALYTICS_STORAGE\")\n    _PLIST_ENTRY_TYPES+=(\"bool\")\n    _PLIST_ENTRY_VALUES+=(\"$(jsonBoolToYesNo \"$_ANALYTICS_STORAGE\")\")\n  fi\n\n  # config.analytics_default_allow_ad_storage\n  _ANALYTICS_AD_STORAGE=$(getFirebaseJsonKeyValue \"$_JSON_OUTPUT_RAW\" \"analytics_default_allow_ad_storage\")\n  if [[ $_ANALYTICS_AD_STORAGE ]]; then\n    _PLIST_ENTRY_KEYS+=(\"GOOGLE_ANALYTICS_DEFAULT_ALLOW_AD_STORAGE\")\n    _PLIST_ENTRY_TYPES+=(\"bool\")\n    _PLIST_ENTRY_VALUES+=(\"$(jsonBoolToYesNo \"$_ANALYTICS_AD_STORAGE\")\")\n  fi\n\n  # config.analytics_default_allow_ad_user_data\n  _ANALYTICS_AD_USER_DATA=$(getFirebaseJsonKeyValue \"$_JSON_OUTPUT_RAW\" \"analytics_default_allow_ad_user_data\")\n  if [[ $_ANALYTICS_AD_USER_DATA ]]; then\n    _PLIST_ENTRY_KEYS+=(\"GOOGLE_ANALYTICS_DEFAULT_ALLOW_AD_USER_DATA\")\n    _PLIST_ENTRY_TYPES+=(\"bool\")\n    _PLIST_ENTRY_VALUES+=(\"$(jsonBoolToYesNo \"$_ANALYTICS_AD_USER_DATA\")\")\n  fi\n\n  # config.analytics_default_allow_ad_personalization_signals\n  _ANALYTICS_PERSONALIZATION=$(getFirebaseJsonKeyValue \"$_JSON_OUTPUT_RAW\" \"analytics_default_allow_ad_personalization_signals\")\n  if [[ $_ANALYTICS_PERSONALIZATION ]]; then\n    _PLIST_ENTRY_KEYS+=(\"GOOGLE_ANALYTICS_DEFAULT_ALLOW_AD_PERSONALIZATION_SIGNALS\")\n    _PLIST_ENTRY_TYPES+=(\"bool\")\n    _PLIST_ENTRY_VALUES+=(\"$(jsonBoolToYesNo \"$_ANALYTICS_PERSONALIZATION\")\")\n  fi\n\n  # config.analytics_registration_with_ad_network_enabled\n  _ANALYTICS_REGISTRATION_WITH_AD_NETWORK=$(getFirebaseJsonKeyValue \"$_JSON_OUTPUT_RAW\" \"google_analytics_registration_with_ad_network_enabled\")\n  if [[ $_ANALYTICS_REGISTRATION_WITH_AD_NETWORK ]]; then\n    _PLIST_ENTRY_KEYS+=(\"GOOGLE_ANALYTICS_REGISTRATION_WITH_AD_NETWORK_ENABLED\")\n    _PLIST_ENTRY_TYPES+=(\"bool\")\n    _PLIST_ENTRY_VALUES+=(\"$(jsonBoolToYesNo \"$_ANALYTICS_REGISTRATION_WITH_AD_NETWORK\")\")\n  fi\n\n  # config.google_analytics_automatic_screen_reporting_enabled\n  _ANALYTICS_AUTO_SCREEN_REPORTING=$(getFirebaseJsonKeyValue \"$_JSON_OUTPUT_RAW\" \"google_analytics_automatic_screen_reporting_enabled\")\n  if [[ $_ANALYTICS_AUTO_SCREEN_REPORTING ]]; then\n    _PLIST_ENTRY_KEYS+=(\"FirebaseAutomaticScreenReportingEnabled\")\n    _PLIST_ENTRY_TYPES+=(\"bool\")\n    _PLIST_ENTRY_VALUES+=(\"$(jsonBoolToYesNo \"$_ANALYTICS_AUTO_SCREEN_REPORTING\")\")\n  fi\n\n  # config.perf_auto_collection_enabled\n  _PERF_AUTO_COLLECTION=$(getFirebaseJsonKeyValue \"$_JSON_OUTPUT_RAW\" \"perf_auto_collection_enabled\")\n  if [[ $_PERF_AUTO_COLLECTION ]]; then\n    _PLIST_ENTRY_KEYS+=(\"firebase_performance_collection_enabled\")\n    _PLIST_ENTRY_TYPES+=(\"bool\")\n    _PLIST_ENTRY_VALUES+=(\"$(jsonBoolToYesNo \"$_PERF_AUTO_COLLECTION\")\")\n  fi\n\n  # config.perf_collection_deactivated\n  _PERF_DEACTIVATED=$(getFirebaseJsonKeyValue \"$_JSON_OUTPUT_RAW\" \"perf_collection_deactivated\")\n  if [[ $_PERF_DEACTIVATED ]]; then\n    _PLIST_ENTRY_KEYS+=(\"firebase_performance_collection_deactivated\")\n    _PLIST_ENTRY_TYPES+=(\"bool\")\n    _PLIST_ENTRY_VALUES+=(\"$(jsonBoolToYesNo \"$_PERF_DEACTIVATED\")\")\n  fi\n\n  # config.messaging_auto_init_enabled\n  _MESSAGING_AUTO_INIT=$(getFirebaseJsonKeyValue \"$_JSON_OUTPUT_RAW\" \"messaging_auto_init_enabled\")\n  if [[ $_MESSAGING_AUTO_INIT ]]; then\n    _PLIST_ENTRY_KEYS+=(\"FirebaseMessagingAutoInitEnabled\")\n    _PLIST_ENTRY_TYPES+=(\"bool\")\n    _PLIST_ENTRY_VALUES+=(\"$(jsonBoolToYesNo \"$_MESSAGING_AUTO_INIT\")\")\n  fi\n\n  # config.in_app_messaging_auto_colllection_enabled\n  _FIAM_AUTO_INIT=$(getFirebaseJsonKeyValue \"$_JSON_OUTPUT_RAW\" \"in_app_messaging_auto_collection_enabled\")\n  if [[ $_FIAM_AUTO_INIT ]]; then\n    _PLIST_ENTRY_KEYS+=(\"FirebaseInAppMessagingAutomaticDataCollectionEnabled\")\n    _PLIST_ENTRY_TYPES+=(\"bool\")\n    _PLIST_ENTRY_VALUES+=(\"$(jsonBoolToYesNo \"$_FIAM_AUTO_INIT\")\")\n  fi\n\n  # config.app_check_token_auto_refresh\n  _APP_CHECK_TOKEN_AUTO_REFRESH=$(getFirebaseJsonKeyValue \"$_JSON_OUTPUT_RAW\" \"app_check_token_auto_refresh\")\n  if [[ $_APP_CHECK_TOKEN_AUTO_REFRESH ]]; then\n    _PLIST_ENTRY_KEYS+=(\"FirebaseAppCheckTokenAutoRefreshEnabled\")\n    _PLIST_ENTRY_TYPES+=(\"bool\")\n    _PLIST_ENTRY_VALUES+=(\"$(jsonBoolToYesNo \"$_APP_CHECK_TOKEN_AUTO_REFRESH\")\")\n  fi\n\n  # config.crashlytics_disable_auto_disabler - undocumented for now - mainly for debugging, document if becomes useful\n  _CRASHLYTICS_AUTO_DISABLE_ENABLED=$(getFirebaseJsonKeyValue \"$_JSON_OUTPUT_RAW\" \"crashlytics_disable_auto_disabler\")\n  if [[ $_CRASHLYTICS_AUTO_DISABLE_ENABLED == \"true\" ]]; then\n    echo \"Disabled Crashlytics auto disabler.\" # do nothing\n  else\n    _PLIST_ENTRY_KEYS+=(\"FirebaseCrashlyticsCollectionEnabled\")\n    _PLIST_ENTRY_TYPES+=(\"bool\")\n    _PLIST_ENTRY_VALUES+=(\"NO\")\n  fi\nelse\n  _PLIST_ENTRY_KEYS+=(\"firebase_json_raw\")\n  _PLIST_ENTRY_TYPES+=(\"string\")\n  _PLIST_ENTRY_VALUES+=(\"$_JSON_OUTPUT_BASE64\")\n  echo \"warning:   A firebase.json file was not found, whilst this file is optional it is recommended to include it to configure firebase services in React Native Firebase.\"\nfi;\n\necho \"info: 2) Injecting Info.plist entries: \"\n\n# Log out the keys we're adding\nfor i in \"${!_PLIST_ENTRY_KEYS[@]}\"; do\n  echo \"    ->  $i) ${_PLIST_ENTRY_KEYS[$i]}\" \"${_PLIST_ENTRY_TYPES[$i]}\" \"${_PLIST_ENTRY_VALUES[$i]}\"\ndone\n\nfor plist in \"${_TARGET_PLIST}\" \"${_DSYM_PLIST}\" ; do\n  if [[ -f \"${plist}\" ]]; then\n\n    # paths with spaces break the call to setPlistValue. temporarily modify\n    # the shell internal field separator variable (IFS), which normally\n    # includes spaces, to consist only of line breaks\n    oldifs=$IFS\n    IFS=\"\n\"\n\n    for i in \"${!_PLIST_ENTRY_KEYS[@]}\"; do\n      setPlistValue \"${_PLIST_ENTRY_KEYS[$i]}\" \"${_PLIST_ENTRY_TYPES[$i]}\" \"${_PLIST_ENTRY_VALUES[$i]}\" \"${plist}\"\n    done\n\n    # restore the original internal field separator value\n    IFS=$oldifs\n  else\n    echo \"warning:   A Info.plist build output file was not found (${plist})\"\n  fi\ndone\n\necho \"info: <- RNFB build script finished\"\n";
		};
		ECA1EA34BB01FE58CB5B2151 /* [CP] Check Pods Manifest.lock */ = {
			isa = PBXShellScriptBuildPhase;
			buildActionMask = 2147483647;
			files = (
			);
			inputFileListPaths = (
			);
			inputPaths = (
				"${PODS_PODFILE_DIR_PATH}/Podfile.lock",
				"${PODS_ROOT}/Manifest.lock",
			);
			name = "[CP] Check Pods Manifest.lock";
			outputFileListPaths = (
			);
			outputPaths = (
				"$(DERIVED_FILE_DIR)/Pods-DeckStatsTCG-checkManifestLockResult.txt",
			);
			runOnlyForDeploymentPostprocessing = 0;
			shellPath = /bin/sh;
			shellScript = "diff \"${PODS_PODFILE_DIR_PATH}/Podfile.lock\" \"${PODS_ROOT}/Manifest.lock\" > /dev/null\nif [ $? != 0 ] ; then\n    # print error to STDERR\n    echo \"error: The sandbox is not in sync with the Podfile.lock. Run 'pod install' or update your CocoaPods installation.\" >&2\n    exit 1\nfi\n# This output is used by Xcode 'outputs' to avoid re-running this script phase.\necho \"SUCCESS\" > \"${SCRIPT_OUTPUT_FILE_0}\"\n";
			showEnvVarsInLog = 0;
		};
/* End PBXShellScriptBuildPhase section */

/* Begin PBXSourcesBuildPhase section */
		00E356EA1AD99517003FC87E /* Sources */ = {
			isa = PBXSourcesBuildPhase;
			buildActionMask = 2147483647;
			files = (
				00E356F31AD99517003FC87E /* DeckStatsTCGTests.m in Sources */,
			);
			runOnlyForDeploymentPostprocessing = 0;
		};
		13B07F871A680F5B00A75B9A /* Sources */ = {
			isa = PBXSourcesBuildPhase;
			buildActionMask = 2147483647;
			files = (
				13B07FBC1A68108700A75B9A /* AppDelegate.mm in Sources */,
				13B07FC11A68108700A75B9A /* main.m in Sources */,
			);
			runOnlyForDeploymentPostprocessing = 0;
		};
/* End PBXSourcesBuildPhase section */

/* Begin PBXTargetDependency section */
		00E356F51AD99517003FC87E /* PBXTargetDependency */ = {
			isa = PBXTargetDependency;
			target = 13B07F861A680F5B00A75B9A /* DeckStatsTCG */;
			targetProxy = 00E356F41AD99517003FC87E /* PBXContainerItemProxy */;
		};
/* End PBXTargetDependency section */

/* Begin XCBuildConfiguration section */
		00E356F61AD99517003FC87E /* Debug */ = {
			isa = XCBuildConfiguration;
			baseConfigurationReference = ACE1CC6DBA203718287287A5 /* Pods-DeckStatsTCG-DeckStatsTCGTests.debug.xcconfig */;
			buildSettings = {
				ALWAYS_EMBED_SWIFT_STANDARD_LIBRARIES = YES;
				BUNDLE_LOADER = "$(TEST_HOST)";
				DEVELOPMENT_TEAM = HL5QP24CVY;
				GCC_PREPROCESSOR_DEFINITIONS = (
					"DEBUG=1",
					"$(inherited)",
				);
				INFOPLIST_FILE = DeckStatsTCGTests/Info.plist;
				IPHONEOS_DEPLOYMENT_TARGET = 13.4;
				LD_RUNPATH_SEARCH_PATHS = (
					"$(inherited)",
					"@executable_path/Frameworks",
					"@loader_path/Frameworks",
				);
				OTHER_LDFLAGS = (
					"-ObjC",
					"-lc++",
					"$(inherited)",
				);
				PRODUCT_BUNDLE_IDENTIFIER = org.vinnieSchelfhaut.VsLog;
				PRODUCT_NAME = "$(TARGET_NAME)";
				TEST_HOST = "$(BUILT_PRODUCTS_DIR)/DeckStatsTCG.app/DeckStatsTCG";
			};
			name = Debug;
		};
		00E356F71AD99517003FC87E /* Release */ = {
			isa = XCBuildConfiguration;
			baseConfigurationReference = D6CF6C0035F4759C9D973D70 /* Pods-DeckStatsTCG-DeckStatsTCGTests.release.xcconfig */;
			buildSettings = {
				ALWAYS_EMBED_SWIFT_STANDARD_LIBRARIES = YES;
				BUNDLE_LOADER = "$(TEST_HOST)";
				COPY_PHASE_STRIP = NO;
				DEVELOPMENT_TEAM = HL5QP24CVY;
				INFOPLIST_FILE = DeckStatsTCGTests/Info.plist;
				IPHONEOS_DEPLOYMENT_TARGET = 13.4;
				LD_RUNPATH_SEARCH_PATHS = (
					"$(inherited)",
					"@executable_path/Frameworks",
					"@loader_path/Frameworks",
				);
				OTHER_LDFLAGS = (
					"-ObjC",
					"-lc++",
					"$(inherited)",
				);
				PRODUCT_BUNDLE_IDENTIFIER = org.vinnieSchelfhaut.VsLog;
				PRODUCT_NAME = "$(TARGET_NAME)";
				TEST_HOST = "$(BUILT_PRODUCTS_DIR)/DeckStatsTCG.app/DeckStatsTCG";
			};
			name = Release;
		};
		13B07F941A680F5B00A75B9A /* Debug */ = {
			isa = XCBuildConfiguration;
			baseConfigurationReference = A7D37DE660A6C3936886AFC5 /* Pods-DeckStatsTCG.debug.xcconfig */;
			buildSettings = {
				ASSETCATALOG_COMPILER_APPICON_NAME = AppIcon;
				CLANG_ENABLE_MODULES = YES;
				CURRENT_PROJECT_VERSION = 1;
				DEVELOPMENT_TEAM = HL5QP24CVY;
				ENABLE_BITCODE = NO;
				ENABLE_USER_SCRIPT_SANDBOXING = NO;
				INFOPLIST_FILE = DeckStatsTCG/Info.plist;
				LD_RUNPATH_SEARCH_PATHS = (
					"$(inherited)",
					"@executable_path/Frameworks",
				);
				MARKETING_VERSION = 0.968;
				OTHER_LDFLAGS = (
					"$(inherited)",
					"-ObjC",
					"-lc++",
				);
				PRODUCT_BUNDLE_IDENTIFIER = org.vinnieSchelfhaut.VsLog;
				PRODUCT_NAME = DeckStatsTCG;
				SWIFT_OPTIMIZATION_LEVEL = "-Onone";
				SWIFT_VERSION = 5.0;
				VERSIONING_SYSTEM = "apple-generic";
			};
			name = Debug;
		};
		13B07F951A680F5B00A75B9A /* Release */ = {
			isa = XCBuildConfiguration;
			baseConfigurationReference = 3F5BFFF00193C9AFC4983958 /* Pods-DeckStatsTCG.release.xcconfig */;
			buildSettings = {
				ASSETCATALOG_COMPILER_APPICON_NAME = AppIcon;
				CLANG_ENABLE_MODULES = YES;
				CURRENT_PROJECT_VERSION = 1;
				DEVELOPMENT_TEAM = HL5QP24CVY;
				ENABLE_USER_SCRIPT_SANDBOXING = NO;
				INFOPLIST_FILE = DeckStatsTCG/Info.plist;
				LD_RUNPATH_SEARCH_PATHS = (
					"$(inherited)",
					"@executable_path/Frameworks",
				);
				MARKETING_VERSION = 0.968;
				OTHER_LDFLAGS = (
					"$(inherited)",
					"-ObjC",
					"-lc++",
				);
				PRODUCT_BUNDLE_IDENTIFIER = org.vinnieSchelfhaut.VsLog;
				PRODUCT_NAME = DeckStatsTCG;
				SWIFT_VERSION = 5.0;
				VERSIONING_SYSTEM = "apple-generic";
			};
			name = Release;
		};
		83CBBA201A601CBA00E9B192 /* Debug */ = {
			isa = XCBuildConfiguration;
			buildSettings = {
				ALWAYS_SEARCH_USER_PATHS = NO;
				CLANG_ANALYZER_LOCALIZABILITY_NONLOCALIZED = YES;
				CLANG_CXX_LANGUAGE_STANDARD = "c++20";
				CLANG_CXX_LIBRARY = "libc++";
				CLANG_ENABLE_MODULES = YES;
				CLANG_ENABLE_OBJC_ARC = YES;
				CLANG_WARN_BLOCK_CAPTURE_AUTORELEASING = YES;
				CLANG_WARN_BOOL_CONVERSION = YES;
				CLANG_WARN_COMMA = YES;
				CLANG_WARN_CONSTANT_CONVERSION = YES;
				CLANG_WARN_DEPRECATED_OBJC_IMPLEMENTATIONS = YES;
				CLANG_WARN_DIRECT_OBJC_ISA_USAGE = YES_ERROR;
				CLANG_WARN_EMPTY_BODY = YES;
				CLANG_WARN_ENUM_CONVERSION = YES;
				CLANG_WARN_INFINITE_RECURSION = YES;
				CLANG_WARN_INT_CONVERSION = YES;
				CLANG_WARN_NON_LITERAL_NULL_CONVERSION = YES;
				CLANG_WARN_OBJC_IMPLICIT_RETAIN_SELF = YES;
				CLANG_WARN_OBJC_LITERAL_CONVERSION = YES;
				CLANG_WARN_OBJC_ROOT_CLASS = YES_ERROR;
				CLANG_WARN_QUOTED_INCLUDE_IN_FRAMEWORK_HEADER = YES;
				CLANG_WARN_RANGE_LOOP_ANALYSIS = YES;
				CLANG_WARN_STRICT_PROTOTYPES = YES;
				CLANG_WARN_SUSPICIOUS_MOVE = YES;
				CLANG_WARN_UNREACHABLE_CODE = YES;
				CLANG_WARN__DUPLICATE_METHOD_MATCH = YES;
				"CODE_SIGN_IDENTITY[sdk=iphoneos*]" = "iPhone Developer";
				COPY_PHASE_STRIP = NO;
				ENABLE_STRICT_OBJC_MSGSEND = YES;
				ENABLE_TESTABILITY = YES;
				ENABLE_USER_SCRIPT_SANDBOXING = YES;
				"EXCLUDED_ARCHS[sdk=iphonesimulator*]" = i386;
				GCC_C_LANGUAGE_STANDARD = gnu99;
				GCC_DYNAMIC_NO_PIC = NO;
				GCC_NO_COMMON_BLOCKS = YES;
				GCC_OPTIMIZATION_LEVEL = 0;
				GCC_PREPROCESSOR_DEFINITIONS = (
					"DEBUG=1",
					"$(inherited)",
				);
				GCC_SYMBOLS_PRIVATE_EXTERN = NO;
				GCC_WARN_64_TO_32_BIT_CONVERSION = YES;
				GCC_WARN_ABOUT_RETURN_TYPE = YES_ERROR;
				GCC_WARN_UNDECLARED_SELECTOR = YES;
				GCC_WARN_UNINITIALIZED_AUTOS = YES_AGGRESSIVE;
				GCC_WARN_UNUSED_FUNCTION = YES;
				GCC_WARN_UNUSED_VARIABLE = YES;
				HEADER_SEARCH_PATHS = (
					"$(inherited)",
					"${PODS_CONFIGURATION_BUILD_DIR}/ReactCommon/ReactCommon.framework/Headers",
					"${PODS_CONFIGURATION_BUILD_DIR}/ReactCommon/ReactCommon.framework/Headers/react/nativemodule/core",
					"${PODS_CONFIGURATION_BUILD_DIR}/ReactCommon-Samples/ReactCommon_Samples.framework/Headers",
					"${PODS_CONFIGURATION_BUILD_DIR}/ReactCommon-Samples/ReactCommon_Samples.framework/Headers/platform/ios",
					"${PODS_CONFIGURATION_BUILD_DIR}/React-Fabric/React_Fabric.framework/Headers/react/renderer/components/view/platform/cxx",
					"${PODS_CONFIGURATION_BUILD_DIR}/React-NativeModulesApple/React_NativeModulesApple.framework/Headers",
					"${PODS_CONFIGURATION_BUILD_DIR}/React-graphics/React_graphics.framework/Headers",
					"${PODS_CONFIGURATION_BUILD_DIR}/React-graphics/React_graphics.framework/Headers/react/renderer/graphics/platform/ios",
				);
				IPHONEOS_DEPLOYMENT_TARGET = 13.4;
				LD_RUNPATH_SEARCH_PATHS = (
					/usr/lib/swift,
					"$(inherited)",
				);
				LIBRARY_SEARCH_PATHS = (
					"\"$(SDKROOT)/usr/lib/swift\"",
					"\"$(TOOLCHAIN_DIR)/usr/lib/swift/$(PLATFORM_NAME)\"",
					"\"$(inherited)\"",
				);
				MTL_ENABLE_DEBUG_INFO = YES;
				ONLY_ACTIVE_ARCH = YES;
				OTHER_CFLAGS = "$(inherited)";
				OTHER_CPLUSPLUSFLAGS = (
					"$(OTHER_CFLAGS)",
					"-DFOLLY_NO_CONFIG",
					"-DFOLLY_MOBILE=1",
					"-DFOLLY_USE_LIBCPP=1",
					"-DFOLLY_CFG_NO_COROUTINES=1",
				);
				OTHER_LDFLAGS = "$(inherited)  ";
				REACT_NATIVE_PATH = "${PODS_ROOT}/../../node_modules/react-native";
				SDKROOT = iphoneos;
				USE_HERMES = true;
			};
			name = Debug;
		};
		83CBBA211A601CBA00E9B192 /* Release */ = {
			isa = XCBuildConfiguration;
			buildSettings = {
				ALWAYS_SEARCH_USER_PATHS = NO;
				CLANG_ANALYZER_LOCALIZABILITY_NONLOCALIZED = YES;
				CLANG_CXX_LANGUAGE_STANDARD = "c++20";
				CLANG_CXX_LIBRARY = "libc++";
				CLANG_ENABLE_MODULES = YES;
				CLANG_ENABLE_OBJC_ARC = YES;
				CLANG_WARN_BLOCK_CAPTURE_AUTORELEASING = YES;
				CLANG_WARN_BOOL_CONVERSION = YES;
				CLANG_WARN_COMMA = YES;
				CLANG_WARN_CONSTANT_CONVERSION = YES;
				CLANG_WARN_DEPRECATED_OBJC_IMPLEMENTATIONS = YES;
				CLANG_WARN_DIRECT_OBJC_ISA_USAGE = YES_ERROR;
				CLANG_WARN_EMPTY_BODY = YES;
				CLANG_WARN_ENUM_CONVERSION = YES;
				CLANG_WARN_INFINITE_RECURSION = YES;
				CLANG_WARN_INT_CONVERSION = YES;
				CLANG_WARN_NON_LITERAL_NULL_CONVERSION = YES;
				CLANG_WARN_OBJC_IMPLICIT_RETAIN_SELF = YES;
				CLANG_WARN_OBJC_LITERAL_CONVERSION = YES;
				CLANG_WARN_OBJC_ROOT_CLASS = YES_ERROR;
				CLANG_WARN_QUOTED_INCLUDE_IN_FRAMEWORK_HEADER = YES;
				CLANG_WARN_RANGE_LOOP_ANALYSIS = YES;
				CLANG_WARN_STRICT_PROTOTYPES = YES;
				CLANG_WARN_SUSPICIOUS_MOVE = YES;
				CLANG_WARN_UNREACHABLE_CODE = YES;
				CLANG_WARN__DUPLICATE_METHOD_MATCH = YES;
				"CODE_SIGN_IDENTITY[sdk=iphoneos*]" = "iPhone Developer";
				COPY_PHASE_STRIP = YES;
				ENABLE_NS_ASSERTIONS = NO;
				ENABLE_STRICT_OBJC_MSGSEND = YES;
				ENABLE_USER_SCRIPT_SANDBOXING = YES;
				"EXCLUDED_ARCHS[sdk=iphonesimulator*]" = i386;
				GCC_C_LANGUAGE_STANDARD = gnu99;
				GCC_NO_COMMON_BLOCKS = YES;
				GCC_WARN_64_TO_32_BIT_CONVERSION = YES;
				GCC_WARN_ABOUT_RETURN_TYPE = YES_ERROR;
				GCC_WARN_UNDECLARED_SELECTOR = YES;
				GCC_WARN_UNINITIALIZED_AUTOS = YES_AGGRESSIVE;
				GCC_WARN_UNUSED_FUNCTION = YES;
				GCC_WARN_UNUSED_VARIABLE = YES;
				HEADER_SEARCH_PATHS = (
					"$(inherited)",
					"${PODS_CONFIGURATION_BUILD_DIR}/ReactCommon/ReactCommon.framework/Headers",
					"${PODS_CONFIGURATION_BUILD_DIR}/ReactCommon/ReactCommon.framework/Headers/react/nativemodule/core",
					"${PODS_CONFIGURATION_BUILD_DIR}/ReactCommon-Samples/ReactCommon_Samples.framework/Headers",
					"${PODS_CONFIGURATION_BUILD_DIR}/ReactCommon-Samples/ReactCommon_Samples.framework/Headers/platform/ios",
					"${PODS_CONFIGURATION_BUILD_DIR}/React-Fabric/React_Fabric.framework/Headers/react/renderer/components/view/platform/cxx",
					"${PODS_CONFIGURATION_BUILD_DIR}/React-NativeModulesApple/React_NativeModulesApple.framework/Headers",
					"${PODS_CONFIGURATION_BUILD_DIR}/React-graphics/React_graphics.framework/Headers",
					"${PODS_CONFIGURATION_BUILD_DIR}/React-graphics/React_graphics.framework/Headers/react/renderer/graphics/platform/ios",
				);
				IPHONEOS_DEPLOYMENT_TARGET = 13.4;
				LD_RUNPATH_SEARCH_PATHS = (
					/usr/lib/swift,
					"$(inherited)",
				);
				LIBRARY_SEARCH_PATHS = (
					"\"$(SDKROOT)/usr/lib/swift\"",
					"\"$(TOOLCHAIN_DIR)/usr/lib/swift/$(PLATFORM_NAME)\"",
					"\"$(inherited)\"",
				);
				MTL_ENABLE_DEBUG_INFO = NO;
				OTHER_CFLAGS = "$(inherited)";
				OTHER_CPLUSPLUSFLAGS = (
					"$(OTHER_CFLAGS)",
					"-DFOLLY_NO_CONFIG",
					"-DFOLLY_MOBILE=1",
					"-DFOLLY_USE_LIBCPP=1",
					"-DFOLLY_CFG_NO_COROUTINES=1",
				);
				OTHER_LDFLAGS = "$(inherited)  ";
				REACT_NATIVE_PATH = "${PODS_ROOT}/../../node_modules/react-native";
				SDKROOT = iphoneos;
				USE_HERMES = true;
				VALIDATE_PRODUCT = YES;
			};
			name = Release;
		};
/* End XCBuildConfiguration section */

/* Begin XCConfigurationList section */
		00E357021AD99517003FC87E /* Build configuration list for PBXNativeTarget "DeckStatsTCGTests" */ = {
			isa = XCConfigurationList;
			buildConfigurations = (
				00E356F61AD99517003FC87E /* Debug */,
				00E356F71AD99517003FC87E /* Release */,
			);
			defaultConfigurationIsVisible = 0;
			defaultConfigurationName = Release;
		};
		13B07F931A680F5B00A75B9A /* Build configuration list for PBXNativeTarget "DeckStatsTCG" */ = {
			isa = XCConfigurationList;
			buildConfigurations = (
				13B07F941A680F5B00A75B9A /* Debug */,
				13B07F951A680F5B00A75B9A /* Release */,
			);
			defaultConfigurationIsVisible = 0;
			defaultConfigurationName = Release;
		};
		83CBB9FA1A601CBA00E9B192 /* Build configuration list for PBXProject "DeckStatsTCG" */ = {
			isa = XCConfigurationList;
			buildConfigurations = (
				83CBBA201A601CBA00E9B192 /* Debug */,
				83CBBA211A601CBA00E9B192 /* Release */,
			);
			defaultConfigurationIsVisible = 0;
			defaultConfigurationName = Release;
		};
/* End XCConfigurationList section */
	};
	rootObject = 83CBB9F71A601CBA00E9B192 /* Project object */;
}
